
Microsoft Visual Studio Solution File, Format Version 12.00
# Visual Studio Version 16
VisualStudioVersion = 16.0.30523.141
MinimumVisualStudioVersion = 10.0.40219.1
Project("{FAE04EC0-301F-11D3-BF4B-00C04F79EFBC}") = "Ejercicio 11", "Ejercicio 11\Ejercicio 11.csproj", "{1F97F4B2-CCBA-4AC3-982F-B4A8193BE737}"
EndProject
Global
	GlobalSection(SolutionConfigurationPlatforms) = preSolution
		Debug|Any CPU = Debug|Any CPU
		Release|Any CPU = Release|Any CPU
	EndGlobalSection
	GlobalSection(ProjectConfigurationPlatforms) = postSolution
		{1F97F4B2-CCBA-4AC3-982F-B4A8193BE737}.Debug|Any CPU.ActiveCfg = Debug|Any CPU
		{1F97F4B2-CCBA-4AC3-982F-B4A8193BE737}.Debug|Any CPU.Build.0 = Debug|Any CPU
		{1F97F4B2-CCBA-4AC3-982F-B4A8193BE737}.Release|Any CPU.ActiveCfg = Release|Any CPU
		{1F97F4B2-CCBA-4AC3-982F-B4A8193BE737}.Release|Any CPU.Build.0 = Release|Any CPU
	EndGlobalSection
	GlobalSection(SolutionProperties) = preSolution
		HideSolutionNode = FALSE
	EndGlobalSection
	GlobalSection(ExtensibilityGlobals) = postSolution
		SolutionGuid = {C3581F78-0143-403B-9A46-034D79CDD288}
	EndGlobalSection
EndGlobal
